
Microsoft Visual Studio Solution File, Format Version 12.00
# Visual Studio 15
VisualStudioVersion = 15.0.28307.489
MinimumVisualStudioVersion = 10.0.40219.1
Project("{FAE04EC0-301F-11D3-BF4B-00C04F79EFBC}") = "KPSimpleBackup", "KPSimpleBackup\KPSimpleBackup.csproj", "{90AE5E95-FAC2-46D6-8B6B-BAB535323BB1}"
EndProject
Global
	GlobalSection(SolutionConfigurationPlatforms) = preSolution
		Debug|Any CPU = Debug|Any CPU
		Release|Any CPU = Release|Any CPU
	EndGlobalSection
	GlobalSection(ProjectConfigurationPlatforms) = postSolution
		{90AE5E95-FAC2-46D6-8B6B-BAB535323BB1}.Debug|Any CPU.ActiveCfg = Debug|Any CPU
		{90AE5E95-FAC2-46D6-8B6B-BAB535323BB1}.Debug|Any CPU.Build.0 = Debug|Any CPU
		{90AE5E95-FAC2-46D6-8B6B-BAB535323BB1}.Release|Any CPU.ActiveCfg = Release|Any CPU
		{90AE5E95-FAC2-46D6-8B6B-BAB535323BB1}.Release|Any CPU.Build.0 = Release|Any CPU
	EndGlobalSection
	GlobalSection(SolutionProperties) = preSolution
		HideSolutionNode = FALSE
	EndGlobalSection
	GlobalSection(ExtensibilityGlobals) = postSolution
		SolutionGuid = {B99C9C95-947A-4F53-9A66-BC0C4C747404}
	EndGlobalSection
EndGlobal
